
Microsoft Visual Studio Solution File, Format Version 12.00
# Visual Studio 15
VisualStudioVersion = 15.0.28307.1300
MinimumVisualStudioVersion = 10.0.40219.1
Project("{9A19103F-16F7-4668-BE54-9A1E7A4F7556}") = "ProcessRunnerCore", "ProcessRunnerCore\ProcessRunnerCore.csproj", "{2F936A40-765A-46C0-BF7A-B66AAFAB89A9}"
EndProject
Project("{FAE04EC0-301F-11D3-BF4B-00C04F79EFBC}") = "ProcessRunnerUI", "ProcessRunnerUI\ProcessRunnerUI.csproj", "{AF06923E-B32F-41D7-847D-5A1857658DE4}"
EndProject
Project("{FAE04EC0-301F-11D3-BF4B-00C04F79EFBC}") = "ProcessRunnerService", "ProcessRunnerService\ProcessRunnerService.csproj", "{173DEE31-86FC-418A-A05F-ABBFE77B67CB}"
EndProject
Global
	GlobalSection(SolutionConfigurationPlatforms) = preSolution
		Debug|Any CPU = Debug|Any CPU
		Release|Any CPU = Release|Any CPU
	EndGlobalSection
	GlobalSection(ProjectConfigurationPlatforms) = postSolution
		{2F936A40-765A-46C0-BF7A-B66AAFAB89A9}.Debug|Any CPU.ActiveCfg = Debug|Any CPU
		{2F936A40-765A-46C0-BF7A-B66AAFAB89A9}.Debug|Any CPU.Build.0 = Debug|Any CPU
		{2F936A40-765A-46C0-BF7A-B66AAFAB89A9}.Release|Any CPU.ActiveCfg = Release|Any CPU
		{2F936A40-765A-46C0-BF7A-B66AAFAB89A9}.Release|Any CPU.Build.0 = Release|Any CPU
		{AF06923E-B32F-41D7-847D-5A1857658DE4}.Debug|Any CPU.ActiveCfg = Debug|Any CPU
		{AF06923E-B32F-41D7-847D-5A1857658DE4}.Debug|Any CPU.Build.0 = Debug|Any CPU
		{AF06923E-B32F-41D7-847D-5A1857658DE4}.Release|Any CPU.ActiveCfg = Release|Any CPU
		{AF06923E-B32F-41D7-847D-5A1857658DE4}.Release|Any CPU.Build.0 = Release|Any CPU
		{173DEE31-86FC-418A-A05F-ABBFE77B67CB}.Debug|Any CPU.ActiveCfg = Debug|Any CPU
		{173DEE31-86FC-418A-A05F-ABBFE77B67CB}.Debug|Any CPU.Build.0 = Debug|Any CPU
		{173DEE31-86FC-418A-A05F-ABBFE77B67CB}.Release|Any CPU.ActiveCfg = Release|Any CPU
		{173DEE31-86FC-418A-A05F-ABBFE77B67CB}.Release|Any CPU.Build.0 = Release|Any CPU
	EndGlobalSection
	GlobalSection(SolutionProperties) = preSolution
		HideSolutionNode = FALSE
	EndGlobalSection
	GlobalSection(ExtensibilityGlobals) = postSolution
		SolutionGuid = {3828229C-F0AA-4BF9-8B9A-BC93AB475AAE}
	EndGlobalSection
EndGlobal
